
Microsoft Visual Studio Solution File, Format Version 12.00
# Visual Studio Version 17
VisualStudioVersion = 17.2.32616.157
MinimumVisualStudioVersion = 10.0.40219.1
Project("{FAE04EC0-301F-11D3-BF4B-00C04F79EFBC}") = "LabelPlacer", "LabelPlacer.csproj", "{D7ED7B50-0527-4F50-B0C8-7CBC19B097D1}"
EndProject
Global
	GlobalSection(SolutionConfigurationPlatforms) = preSolution
		Debug|Any CPU = Debug|Any CPU
		Release|Any CPU = Release|Any CPU
	EndGlobalSection
	GlobalSection(ProjectConfigurationPlatforms) = postSolution
		{D7ED7B50-0527-4F50-B0C8-7CBC19B097D1}.Debug|Any CPU.ActiveCfg = Debug|Any CPU
		{D7ED7B50-0527-4F50-B0C8-7CBC19B097D1}.Debug|Any CPU.Build.0 = Debug|Any CPU
		{D7ED7B50-0527-4F50-B0C8-7CBC19B097D1}.Release|Any CPU.ActiveCfg = Release|Any CPU
		{D7ED7B50-0527-4F50-B0C8-7CBC19B097D1}.Release|Any CPU.Build.0 = Release|Any CPU
	EndGlobalSection
	GlobalSection(SolutionProperties) = preSolution
		HideSolutionNode = FALSE
	EndGlobalSection
	GlobalSection(ExtensibilityGlobals) = postSolution
		SolutionGuid = {87327241-C98B-488D-997E-E032A2EBCFBE}
	EndGlobalSection
EndGlobal
